
Microsoft Visual Studio Solution File, Format Version 12.00
# Visual Studio Version 17
VisualStudioVersion = 17.5.33627.172
MinimumVisualStudioVersion = 10.0.40219.1
Project("{FAE04EC0-301F-11D3-BF4B-00C04F79EFBC}") = "Library practice", "Library practice\Library practice.csproj", "{363BF12A-0D1C-4600-A9B5-C3360F0D1217}"
EndProject
Global
	GlobalSection(SolutionConfigurationPlatforms) = preSolution
		Debug|Any CPU = Debug|Any CPU
		Release|Any CPU = Release|Any CPU
	EndGlobalSection
	GlobalSection(ProjectConfigurationPlatforms) = postSolution
		{363BF12A-0D1C-4600-A9B5-C3360F0D1217}.Debug|Any CPU.ActiveCfg = Debug|Any CPU
		{363BF12A-0D1C-4600-A9B5-C3360F0D1217}.Debug|Any CPU.Build.0 = Debug|Any CPU
		{363BF12A-0D1C-4600-A9B5-C3360F0D1217}.Release|Any CPU.ActiveCfg = Release|Any CPU
		{363BF12A-0D1C-4600-A9B5-C3360F0D1217}.Release|Any CPU.Build.0 = Release|Any CPU
	EndGlobalSection
	GlobalSection(SolutionProperties) = preSolution
		HideSolutionNode = FALSE
	EndGlobalSection
	GlobalSection(ExtensibilityGlobals) = postSolution
		SolutionGuid = {8E1D82BE-B501-4853-A8F0-F2EE8FC04942}
	EndGlobalSection
EndGlobal
